PODS:
  - AppCenter/Core (1.11.0)
  - AppCenterReactNativeShared (1.10.0):
    - AppCenter/Core (= 1.11.0)

DEPENDENCIES:
  - AppCenterReactNativeShared (~> 1.10.0)

SPEC REPOS:
  https://github.com/cocoapods/specs.git:
    - AppCenter
    - AppCenterReactNativeShared

SPEC CHECKSUMS:
  AppCenter: 3bccf8d733e337d0db574dd4cb0e33ab9637b7f2
  AppCenterReactNativeShared: a77b000c2ac6dc2e44472621d7d0770f196e5822

PODFILE CHECKSUM: 7aa62d14554dc6773f1c99928fd20c2e5d578abf

COCOAPODS: 1.5.3
